
Microsoft Visual Studio Solution File, Format Version 12.00
# Visual Studio Version 16
VisualStudioVersion = 16.0.29920.165
MinimumVisualStudioVersion = 10.0.40219.1
Project("{FAE04EC0-301F-11D3-BF4B-00C04F79EFBC}") = "DDD.CarRentalconsole", "DDD.CarRentalconsole.csproj", "{FF2A250A-A44F-4B78-AD74-201D98779073}"
EndProject
Project("{FAE04EC0-301F-11D3-BF4B-00C04F79EFBC}") = "DDD.CarRentalLib", "..\DDD.CarRentalLib\DDD.CarRentalLib.csproj", "{593F099B-AE71-4485-AA9C-249C8B1F1797}"
EndProject
Project("{9A19103F-16F7-4668-BE54-9A1E7A4F7556}") = "DDD.Base", "..\EscapeRoom_Student_v2\DDD.Base\DDD.Base.csproj", "{28D5136E-DB77-4D32-83E2-21DA3A4BBA4E}"
EndProject
Global
	GlobalSection(SolutionConfigurationPlatforms) = preSolution
		Debug|Any CPU = Debug|Any CPU
		Release|Any CPU = Release|Any CPU
	EndGlobalSection
	GlobalSection(ProjectConfigurationPlatforms) = postSolution
		{FF2A250A-A44F-4B78-AD74-201D98779073}.Debug|Any CPU.ActiveCfg = Debug|Any CPU
		{FF2A250A-A44F-4B78-AD74-201D98779073}.Debug|Any CPU.Build.0 = Debug|Any CPU
		{FF2A250A-A44F-4B78-AD74-201D98779073}.Release|Any CPU.ActiveCfg = Release|Any CPU
		{FF2A250A-A44F-4B78-AD74-201D98779073}.Release|Any CPU.Build.0 = Release|Any CPU
		{593F099B-AE71-4485-AA9C-249C8B1F1797}.Debug|Any CPU.ActiveCfg = Debug|Any CPU
		{593F099B-AE71-4485-AA9C-249C8B1F1797}.Debug|Any CPU.Build.0 = Debug|Any CPU
		{593F099B-AE71-4485-AA9C-249C8B1F1797}.Release|Any CPU.ActiveCfg = Release|Any CPU
		{593F099B-AE71-4485-AA9C-249C8B1F1797}.Release|Any CPU.Build.0 = Release|Any CPU
		{28D5136E-DB77-4D32-83E2-21DA3A4BBA4E}.Debug|Any CPU.ActiveCfg = Debug|Any CPU
		{28D5136E-DB77-4D32-83E2-21DA3A4BBA4E}.Debug|Any CPU.Build.0 = Debug|Any CPU
		{28D5136E-DB77-4D32-83E2-21DA3A4BBA4E}.Release|Any CPU.ActiveCfg = Release|Any CPU
		{28D5136E-DB77-4D32-83E2-21DA3A4BBA4E}.Release|Any CPU.Build.0 = Release|Any CPU
	EndGlobalSection
	GlobalSection(SolutionProperties) = preSolution
		HideSolutionNode = FALSE
	EndGlobalSection
	GlobalSection(ExtensibilityGlobals) = postSolution
		SolutionGuid = {2A34C345-0F4B-4160-A42E-9406921C3285}
	EndGlobalSection
EndGlobal
